
Microsoft Visual Studio Solution File, Format Version 12.00
# Visual Studio Version 17
VisualStudioVersion = 17.7.34031.279
MinimumVisualStudioVersion = 10.0.40219.1
Project("{FAE04EC0-301F-11D3-BF4B-00C04F79EFBC}") = "SocialApp", "SocialApp.csproj", "{BCC15B82-D234-4050-87D9-0BA301889DCE}"
EndProject
Global
	GlobalSection(SolutionConfigurationPlatforms) = preSolution
		Debug|Any CPU = Debug|Any CPU
		Release|Any CPU = Release|Any CPU
	EndGlobalSection
	GlobalSection(ProjectConfigurationPlatforms) = postSolution
		{BCC15B82-D234-4050-87D9-0BA301889DCE}.Debug|Any CPU.ActiveCfg = Debug|Any CPU
		{BCC15B82-D234-4050-87D9-0BA301889DCE}.Debug|Any CPU.Build.0 = Debug|Any CPU
		{BCC15B82-D234-4050-87D9-0BA301889DCE}.Release|Any CPU.ActiveCfg = Release|Any CPU
		{BCC15B82-D234-4050-87D9-0BA301889DCE}.Release|Any CPU.Build.0 = Release|Any CPU
	EndGlobalSection
	GlobalSection(SolutionProperties) = preSolution
		HideSolutionNode = FALSE
	EndGlobalSection
	GlobalSection(ExtensibilityGlobals) = postSolution
		SolutionGuid = {C7D5EF62-5709-4CEB-8AC3-77E6D928D0A4}
	EndGlobalSection
EndGlobal
